
Microsoft Visual Studio Solution File, Format Version 12.00
# Visual Studio Version 17
VisualStudioVersion = 17.0.31314.256
MinimumVisualStudioVersion = 10.0.40219.1
Project("{2150E333-8FDC-42A3-9474-1A3956D46DE8}") = "Engine", "Engine", "{233774A8-CC9D-3FA9-86D1-90573E92B704}"
EndProject
Project("{2150E333-8FDC-42A3-9474-1A3956D46DE8}") = "Games", "Games", "{DE1F8B53-6C02-3C13-9101-A7C8D96F3FF6}"
EndProject
Project("{8BC9CEB8-8B4A-11D0-8D11-00A0C91BC942}") = "Sekiro", "Intermediate\ProjectFiles\Sekiro.vcxproj", "{6FB6318B-E6EA-3EE2-B40A-644A1C5F074B}"
EndProject
Project("{8BC9CEB8-8B4A-11D0-8D11-00A0C91BC942}") = "UE5", "Intermediate\ProjectFiles\UE5.vcxproj", "{A76BE4FA-5ED2-3B56-B3C2-DCC05CC05C8E}"
EndProject
Project("{2150E333-8FDC-42A3-9474-1A3956D46DE8}") = "Visualizers", "Visualizers", "{1CCEC849-CC72-4C59-8C36-2F7C38706D4C}"
	ProjectSection(SolutionItems) = preProject
		..\..\UnrealEngine-5.2\Engine\Extras\VisualStudioDebugging\Unreal.natvis = ..\..\UnrealEngine-5.2\Engine\Extras\VisualStudioDebugging\Unreal.natvis
	EndProjectSection
EndProject
Global
	GlobalSection(SolutionConfigurationPlatforms) = preSolution
		Debug Client|HoloLens = Debug Client|HoloLens
		Debug Client|Win64 = Debug Client|Win64
		Debug Editor|HoloLens = Debug Editor|HoloLens
		Debug Editor|Win64 = Debug Editor|Win64
		Debug Server|HoloLens = Debug Server|HoloLens
		Debug Server|Win64 = Debug Server|Win64
		DebugGame Client|HoloLens = DebugGame Client|HoloLens
		DebugGame Client|Win64 = DebugGame Client|Win64
		DebugGame Editor|HoloLens = DebugGame Editor|HoloLens
		DebugGame Editor|Win64 = DebugGame Editor|Win64
		DebugGame Server|HoloLens = DebugGame Server|HoloLens
		DebugGame Server|Win64 = DebugGame Server|Win64
		DebugGame|HoloLens = DebugGame|HoloLens
		DebugGame|Win64 = DebugGame|Win64
		Debug|HoloLens = Debug|HoloLens
		Debug|Win64 = Debug|Win64
		Development Client|HoloLens = Development Client|HoloLens
		Development Client|Win64 = Development Client|Win64
		Development Editor|HoloLens = Development Editor|HoloLens
		Development Editor|Win64 = Development Editor|Win64
		Development Server|HoloLens = Development Server|HoloLens
		Development Server|Win64 = Development Server|Win64
		Development|HoloLens = Development|HoloLens
		Development|Win64 = Development|Win64
		Shipping Client|HoloLens = Shipping Client|HoloLens
		Shipping Client|Win64 = Shipping Client|Win64
		Shipping Server|HoloLens = Shipping Server|HoloLens
		Shipping Server|Win64 = Shipping Server|Win64
		Shipping|HoloLens = Shipping|HoloLens
		Shipping|Win64 = Shipping|Win64
		Test Client|HoloLens = Test Client|HoloLens
		Test Client|Win64 = Test Client|Win64
		Test Server|HoloLens = Test Server|HoloLens
		Test Server|Win64 = Test Server|Win64
		Test|HoloLens = Test|HoloLens
		Test|Win64 = Test|Win64
	EndGlobalSection
	# UnrealVS Section
	GlobalSection(ddbf523f-7eb6-4887-bd51-85a714ff87eb) = preSolution
		AvailablePlatforms=Win64;HoloLens
	EndGlobalSection
	GlobalSection(ProjectConfigurationPlatforms) = postSolution
		{6FB6318B-E6EA-3EE2-B40A-644A1C5F074B}.Debug Client|HoloLens.ActiveCfg = Invalid|x64
		{6FB6318B-E6EA-3EE2-B40A-644A1C5F074B}.Debug Client|Win64.ActiveCfg = Invalid|x64
		{6FB6318B-E6EA-3EE2-B40A-644A1C5F074B}.Debug Editor|HoloLens.ActiveCfg = Invalid|x64
		{6FB6318B-E6EA-3EE2-B40A-644A1C5F074B}.Debug Editor|Win64.ActiveCfg = Debug_Editor|x64
		{6FB6318B-E6EA-3EE2-B40A-644A1C5F074B}.Debug Editor|Win64.Build.0 = Debug_Editor|x64
		{6FB6318B-E6EA-3EE2-B40A-644A1C5F074B}.Debug Server|HoloLens.ActiveCfg = Invalid|x64
		{6FB6318B-E6EA-3EE2-B40A-644A1C5F074B}.Debug Server|Win64.ActiveCfg = Invalid|x64
		{6FB6318B-E6EA-3EE2-B40A-644A1C5F074B}.DebugGame Client|HoloLens.ActiveCfg = Invalid|x64
		{6FB6318B-E6EA-3EE2-B40A-644A1C5F074B}.DebugGame Client|Win64.ActiveCfg = Invalid|x64
		{6FB6318B-E6EA-3EE2-B40A-644A1C5F074B}.DebugGame Editor|HoloLens.ActiveCfg = Invalid|x64
		{6FB6318B-E6EA-3EE2-B40A-644A1C5F074B}.DebugGame Editor|Win64.ActiveCfg = DebugGame_Editor|x64
		{6FB6318B-E6EA-3EE2-B40A-644A1C5F074B}.DebugGame Editor|Win64.Build.0 = DebugGame_Editor|x64
		{6FB6318B-E6EA-3EE2-B40A-644A1C5F074B}.DebugGame Server|HoloLens.ActiveCfg = Invalid|x64
		{6FB6318B-E6EA-3EE2-B40A-644A1C5F074B}.DebugGame Server|Win64.ActiveCfg = Invalid|x64
		{6FB6318B-E6EA-3EE2-B40A-644A1C5F074B}.DebugGame|HoloLens.ActiveCfg = DebugGame|arm64
		{6FB6318B-E6EA-3EE2-B40A-644A1C5F074B}.DebugGame|HoloLens.Build.0 = DebugGame|arm64
		{6FB6318B-E6EA-3EE2-B40A-644A1C5F074B}.DebugGame|HoloLens.Deploy.0 = DebugGame|arm64
		{6FB6318B-E6EA-3EE2-B40A-644A1C5F074B}.DebugGame|Win64.ActiveCfg = DebugGame|x64
		{6FB6318B-E6EA-3EE2-B40A-644A1C5F074B}.DebugGame|Win64.Build.0 = DebugGame|x64
		{6FB6318B-E6EA-3EE2-B40A-644A1C5F074B}.Debug|HoloLens.ActiveCfg = Debug|arm64
		{6FB6318B-E6EA-3EE2-B40A-644A1C5F074B}.Debug|HoloLens.Build.0 = Debug|arm64
		{6FB6318B-E6EA-3EE2-B40A-644A1C5F074B}.Debug|HoloLens.Deploy.0 = Debug|arm64
		{6FB6318B-E6EA-3EE2-B40A-644A1C5F074B}.Debug|Win64.ActiveCfg = Debug|x64
		{6FB6318B-E6EA-3EE2-B40A-644A1C5F074B}.Debug|Win64.Build.0 = Debug|x64
		{6FB6318B-E6EA-3EE2-B40A-644A1C5F074B}.Development Client|HoloLens.ActiveCfg = Invalid|x64
		{6FB6318B-E6EA-3EE2-B40A-644A1C5F074B}.Development Client|Win64.ActiveCfg = Invalid|x64
		{6FB6318B-E6EA-3EE2-B40A-644A1C5F074B}.Development Editor|HoloLens.ActiveCfg = Invalid|x64
		{6FB6318B-E6EA-3EE2-B40A-644A1C5F074B}.Development Editor|Win64.ActiveCfg = Development_Editor|x64
		{6FB6318B-E6EA-3EE2-B40A-644A1C5F074B}.Development Editor|Win64.Build.0 = Development_Editor|x64
		{6FB6318B-E6EA-3EE2-B40A-644A1C5F074B}.Development Server|HoloLens.ActiveCfg = Invalid|x64
		{6FB6318B-E6EA-3EE2-B40A-644A1C5F074B}.Development Server|Win64.ActiveCfg = Invalid|x64
		{6FB6318B-E6EA-3EE2-B40A-644A1C5F074B}.Development|HoloLens.ActiveCfg = Development|arm64
		{6FB6318B-E6EA-3EE2-B40A-644A1C5F074B}.Development|HoloLens.Build.0 = Development|arm64
		{6FB6318B-E6EA-3EE2-B40A-644A1C5F074B}.Development|HoloLens.Deploy.0 = Development|arm64
		{6FB6318B-E6EA-3EE2-B40A-644A1C5F074B}.Development|Win64.ActiveCfg = Development|x64
		{6FB6318B-E6EA-3EE2-B40A-644A1C5F074B}.Development|Win64.Build.0 = Development|x64
		{6FB6318B-E6EA-3EE2-B40A-644A1C5F074B}.Shipping Client|HoloLens.ActiveCfg = Invalid|x64
		{6FB6318B-E6EA-3EE2-B40A-644A1C5F074B}.Shipping Client|Win64.ActiveCfg = Invalid|x64
		{6FB6318B-E6EA-3EE2-B40A-644A1C5F074B}.Shipping Server|HoloLens.ActiveCfg = Invalid|x64
		{6FB6318B-E6EA-3EE2-B40A-644A1C5F074B}.Shipping Server|Win64.ActiveCfg = Invalid|x64
		{6FB6318B-E6EA-3EE2-B40A-644A1C5F074B}.Shipping|HoloLens.ActiveCfg = Shipping|arm64
		{6FB6318B-E6EA-3EE2-B40A-644A1C5F074B}.Shipping|HoloLens.Build.0 = Shipping|arm64
		{6FB6318B-E6EA-3EE2-B40A-644A1C5F074B}.Shipping|HoloLens.Deploy.0 = Shipping|arm64
		{6FB6318B-E6EA-3EE2-B40A-644A1C5F074B}.Shipping|Win64.ActiveCfg = Shipping|x64
		{6FB6318B-E6EA-3EE2-B40A-644A1C5F074B}.Shipping|Win64.Build.0 = Shipping|x64
		{6FB6318B-E6EA-3EE2-B40A-644A1C5F074B}.Test Client|HoloLens.ActiveCfg = Invalid|x64
		{6FB6318B-E6EA-3EE2-B40A-644A1C5F074B}.Test Client|Win64.ActiveCfg = Invalid|x64
		{6FB6318B-E6EA-3EE2-B40A-644A1C5F074B}.Test Server|HoloLens.ActiveCfg = Invalid|x64
		{6FB6318B-E6EA-3EE2-B40A-644A1C5F074B}.Test Server|Win64.ActiveCfg = Invalid|x64
		{6FB6318B-E6EA-3EE2-B40A-644A1C5F074B}.Test|HoloLens.ActiveCfg = Test|arm64
		{6FB6318B-E6EA-3EE2-B40A-644A1C5F074B}.Test|HoloLens.Build.0 = Test|arm64
		{6FB6318B-E6EA-3EE2-B40A-644A1C5F074B}.Test|HoloLens.Deploy.0 = Test|arm64
		{6FB6318B-E6EA-3EE2-B40A-644A1C5F074B}.Test|Win64.ActiveCfg = Test|x64
		{6FB6318B-E6EA-3EE2-B40A-644A1C5F074B}.Test|Win64.Build.0 = Test|x64
		{A76BE4FA-5ED2-3B56-B3C2-DCC05CC05C8E}.Debug Client|HoloLens.ActiveCfg = Debug_Client|arm64
		{A76BE4FA-5ED2-3B56-B3C2-DCC05CC05C8E}.Debug Client|HoloLens.Build.0 = Debug_Client|arm64
		{A76BE4FA-5ED2-3B56-B3C2-DCC05CC05C8E}.Debug Client|HoloLens.Deploy.0 = Debug_Client|arm64
		{A76BE4FA-5ED2-3B56-B3C2-DCC05CC05C8E}.Debug Client|Win64.ActiveCfg = Debug_Client|x64
		{A76BE4FA-5ED2-3B56-B3C2-DCC05CC05C8E}.Debug Client|Win64.Build.0 = Debug_Client|x64
		{A76BE4FA-5ED2-3B56-B3C2-DCC05CC05C8E}.Debug Editor|HoloLens.ActiveCfg = Invalid|x64
		{A76BE4FA-5ED2-3B56-B3C2-DCC05CC05C8E}.Debug Editor|Win64.ActiveCfg = Debug_Editor|x64
		{A76BE4FA-5ED2-3B56-B3C2-DCC05CC05C8E}.Debug Editor|Win64.Build.0 = Debug_Editor|x64
		{A76BE4FA-5ED2-3B56-B3C2-DCC05CC05C8E}.Debug Server|HoloLens.ActiveCfg = Invalid|x64
		{A76BE4FA-5ED2-3B56-B3C2-DCC05CC05C8E}.Debug Server|Win64.ActiveCfg = Debug_Server|x64
		{A76BE4FA-5ED2-3B56-B3C2-DCC05CC05C8E}.Debug Server|Win64.Build.0 = Debug_Server|x64
		{A76BE4FA-5ED2-3B56-B3C2-DCC05CC05C8E}.DebugGame Client|HoloLens.ActiveCfg = DebugGame_Client|arm64
		{A76BE4FA-5ED2-3B56-B3C2-DCC05CC05C8E}.DebugGame Client|HoloLens.Build.0 = DebugGame_Client|arm64
		{A76BE4FA-5ED2-3B56-B3C2-DCC05CC05C8E}.DebugGame Client|HoloLens.Deploy.0 = DebugGame_Client|arm64
		{A76BE4FA-5ED2-3B56-B3C2-DCC05CC05C8E}.DebugGame Client|Win64.ActiveCfg = DebugGame_Client|x64
		{A76BE4FA-5ED2-3B56-B3C2-DCC05CC05C8E}.DebugGame Client|Win64.Build.0 = DebugGame_Client|x64
		{A76BE4FA-5ED2-3B56-B3C2-DCC05CC05C8E}.DebugGame Editor|HoloLens.ActiveCfg = Invalid|x64
		{A76BE4FA-5ED2-3B56-B3C2-DCC05CC05C8E}.DebugGame Editor|Win64.ActiveCfg = DebugGame_Editor|x64
		{A76BE4FA-5ED2-3B56-B3C2-DCC05CC05C8E}.DebugGame Editor|Win64.Build.0 = DebugGame_Editor|x64
		{A76BE4FA-5ED2-3B56-B3C2-DCC05CC05C8E}.DebugGame Server|HoloLens.ActiveCfg = Invalid|x64
		{A76BE4FA-5ED2-3B56-B3C2-DCC05CC05C8E}.DebugGame Server|Win64.ActiveCfg = DebugGame_Server|x64
		{A76BE4FA-5ED2-3B56-B3C2-DCC05CC05C8E}.DebugGame Server|Win64.Build.0 = DebugGame_Server|x64
		{A76BE4FA-5ED2-3B56-B3C2-DCC05CC05C8E}.DebugGame|HoloLens.ActiveCfg = DebugGame|arm64
		{A76BE4FA-5ED2-3B56-B3C2-DCC05CC05C8E}.DebugGame|HoloLens.Build.0 = DebugGame|arm64
		{A76BE4FA-5ED2-3B56-B3C2-DCC05CC05C8E}.DebugGame|HoloLens.Deploy.0 = DebugGame|arm64
		{A76BE4FA-5ED2-3B56-B3C2-DCC05CC05C8E}.DebugGame|Win64.ActiveCfg = DebugGame|x64
		{A76BE4FA-5ED2-3B56-B3C2-DCC05CC05C8E}.DebugGame|Win64.Build.0 = DebugGame|x64
		{A76BE4FA-5ED2-3B56-B3C2-DCC05CC05C8E}.Debug|HoloLens.ActiveCfg = Debug|arm64
		{A76BE4FA-5ED2-3B56-B3C2-DCC05CC05C8E}.Debug|HoloLens.Build.0 = Debug|arm64
		{A76BE4FA-5ED2-3B56-B3C2-DCC05CC05C8E}.Debug|HoloLens.Deploy.0 = Debug|arm64
		{A76BE4FA-5ED2-3B56-B3C2-DCC05CC05C8E}.Debug|Win64.ActiveCfg = Debug|x64
		{A76BE4FA-5ED2-3B56-B3C2-DCC05CC05C8E}.Debug|Win64.Build.0 = Debug|x64
		{A76BE4FA-5ED2-3B56-B3C2-DCC05CC05C8E}.Development Client|HoloLens.ActiveCfg = Development_Client|arm64
		{A76BE4FA-5ED2-3B56-B3C2-DCC05CC05C8E}.Development Client|HoloLens.Build.0 = Development_Client|arm64
		{A76BE4FA-5ED2-3B56-B3C2-DCC05CC05C8E}.Development Client|HoloLens.Deploy.0 = Development_Client|arm64
		{A76BE4FA-5ED2-3B56-B3C2-DCC05CC05C8E}.Development Client|Win64.ActiveCfg = Development_Client|x64
		{A76BE4FA-5ED2-3B56-B3C2-DCC05CC05C8E}.Development Client|Win64.Build.0 = Development_Client|x64
		{A76BE4FA-5ED2-3B56-B3C2-DCC05CC05C8E}.Development Editor|HoloLens.ActiveCfg = Invalid|x64
		{A76BE4FA-5ED2-3B56-B3C2-DCC05CC05C8E}.Development Editor|Win64.ActiveCfg = Development_Editor|x64
		{A76BE4FA-5ED2-3B56-B3C2-DCC05CC05C8E}.Development Editor|Win64.Build.0 = Development_Editor|x64
		{A76BE4FA-5ED2-3B56-B3C2-DCC05CC05C8E}.Development Server|HoloLens.ActiveCfg = Invalid|x64
		{A76BE4FA-5ED2-3B56-B3C2-DCC05CC05C8E}.Development Server|Win64.ActiveCfg = Development_Server|x64
		{A76BE4FA-5ED2-3B56-B3C2-DCC05CC05C8E}.Development Server|Win64.Build.0 = Development_Server|x64
		{A76BE4FA-5ED2-3B56-B3C2-DCC05CC05C8E}.Development|HoloLens.ActiveCfg = Development|arm64
		{A76BE4FA-5ED2-3B56-B3C2-DCC05CC05C8E}.Development|HoloLens.Build.0 = Development|arm64
		{A76BE4FA-5ED2-3B56-B3C2-DCC05CC05C8E}.Development|HoloLens.Deploy.0 = Development|arm64
		{A76BE4FA-5ED2-3B56-B3C2-DCC05CC05C8E}.Development|Win64.ActiveCfg = Development|x64
		{A76BE4FA-5ED2-3B56-B3C2-DCC05CC05C8E}.Development|Win64.Build.0 = Development|x64
		{A76BE4FA-5ED2-3B56-B3C2-DCC05CC05C8E}.Shipping Client|HoloLens.ActiveCfg = Shipping_Client|arm64
		{A76BE4FA-5ED2-3B56-B3C2-DCC05CC05C8E}.Shipping Client|HoloLens.Build.0 = Shipping_Client|arm64
		{A76BE4FA-5ED2-3B56-B3C2-DCC05CC05C8E}.Shipping Client|HoloLens.Deploy.0 = Shipping_Client|arm64
		{A76BE4FA-5ED2-3B56-B3C2-DCC05CC05C8E}.Shipping Client|Win64.ActiveCfg = Shipping_Client|x64
		{A76BE4FA-5ED2-3B56-B3C2-DCC05CC05C8E}.Shipping Client|Win64.Build.0 = Shipping_Client|x64
		{A76BE4FA-5ED2-3B56-B3C2-DCC05CC05C8E}.Shipping Server|HoloLens.ActiveCfg = Invalid|x64
		{A76BE4FA-5ED2-3B56-B3C2-DCC05CC05C8E}.Shipping Server|Win64.ActiveCfg = Shipping_Server|x64
		{A76BE4FA-5ED2-3B56-B3C2-DCC05CC05C8E}.Shipping Server|Win64.Build.0 = Shipping_Server|x64
		{A76BE4FA-5ED2-3B56-B3C2-DCC05CC05C8E}.Shipping|HoloLens.ActiveCfg = Shipping|arm64
		{A76BE4FA-5ED2-3B56-B3C2-DCC05CC05C8E}.Shipping|HoloLens.Build.0 = Shipping|arm64
		{A76BE4FA-5ED2-3B56-B3C2-DCC05CC05C8E}.Shipping|HoloLens.Deploy.0 = Shipping|arm64
		{A76BE4FA-5ED2-3B56-B3C2-DCC05CC05C8E}.Shipping|Win64.ActiveCfg = Shipping|x64
		{A76BE4FA-5ED2-3B56-B3C2-DCC05CC05C8E}.Shipping|Win64.Build.0 = Shipping|x64
		{A76BE4FA-5ED2-3B56-B3C2-DCC05CC05C8E}.Test Client|HoloLens.ActiveCfg = Test_Client|arm64
		{A76BE4FA-5ED2-3B56-B3C2-DCC05CC05C8E}.Test Client|HoloLens.Build.0 = Test_Client|arm64
		{A76BE4FA-5ED2-3B56-B3C2-DCC05CC05C8E}.Test Client|HoloLens.Deploy.0 = Test_Client|arm64
		{A76BE4FA-5ED2-3B56-B3C2-DCC05CC05C8E}.Test Client|Win64.ActiveCfg = Test_Client|x64
		{A76BE4FA-5ED2-3B56-B3C2-DCC05CC05C8E}.Test Client|Win64.Build.0 = Test_Client|x64
		{A76BE4FA-5ED2-3B56-B3C2-DCC05CC05C8E}.Test Server|HoloLens.ActiveCfg = Invalid|x64
		{A76BE4FA-5ED2-3B56-B3C2-DCC05CC05C8E}.Test Server|Win64.ActiveCfg = Test_Server|x64
		{A76BE4FA-5ED2-3B56-B3C2-DCC05CC05C8E}.Test Server|Win64.Build.0 = Test_Server|x64
		{A76BE4FA-5ED2-3B56-B3C2-DCC05CC05C8E}.Test|HoloLens.ActiveCfg = Test|arm64
		{A76BE4FA-5ED2-3B56-B3C2-DCC05CC05C8E}.Test|HoloLens.Build.0 = Test|arm64
		{A76BE4FA-5ED2-3B56-B3C2-DCC05CC05C8E}.Test|HoloLens.Deploy.0 = Test|arm64
		{A76BE4FA-5ED2-3B56-B3C2-DCC05CC05C8E}.Test|Win64.ActiveCfg = Test|x64
		{A76BE4FA-5ED2-3B56-B3C2-DCC05CC05C8E}.Test|Win64.Build.0 = Test|x64
	EndGlobalSection
	GlobalSection(SolutionProperties) = preSolution
		HideSolutionNode = FALSE
	EndGlobalSection
	GlobalSection(NestedProjects) = preSolution
		{A76BE4FA-5ED2-3B56-B3C2-DCC05CC05C8E} = {233774A8-CC9D-3FA9-86D1-90573E92B704}
		{6FB6318B-E6EA-3EE2-B40A-644A1C5F074B} = {DE1F8B53-6C02-3C13-9101-A7C8D96F3FF6}
	EndGlobalSection
EndGlobal
